{
  "originHash" : "a0b899aea04219e0c66b6b8ee2551daf113ab9d24217227f738fad04878b34f4",
  "pins" : [
    {
      "identity" : "lottie-ios",
      "kind" : "remoteSourceControl",
      "location" : "https://github.com/airbnb/lottie-ios.git",
      "state" : {
        "revision" : "769b88d83a42ca8d5572b020c96f47e3690b3796",
        "version" : "4.4.3"
      }
    },
    {
      "identity" : "swiftui-shimmer",
      "kind" : "remoteSourceControl",
      "location" : "https://github.com/markiv/SwiftUI-Shimmer",
      "state" : {
        "revision" : "e3aa4226b0fafe345ca1c920f516b6a2f3e0aacc",
        "version" : "1.5.0"
      }
    },
    {
      "identity" : "uiimagecolors",
      "kind" : "remoteSourceControl",
      "location" : "https://github.com/jathu/UIImageColors.git",
      "state" : {
        "revision" : "e49e6c32ea556e9fa0109dc79686bea4a10d41a2",
        "version" : "2.2.0"
      }
    }
  ],
  "version" : 3
}
