// !$*UTF8*$!
{
	archiveVersion = 1;
	classes = {
	};
	objectVersion = 56;
	objects = {

/* Begin PBXBuildFile section */
		474C79A52BD009BC003E3A15 /* AgiosApp.swift in Sources */ = {isa = PBXBuildFile; fileRef = 474C79A42BD009BC003E3A15 /* AgiosApp.swift */; };
		474C79A92BD009BF003E3A15 /* Assets.xcassets in Resources */ = {isa = PBXBuildFile; fileRef = 474C79A82BD009BF003E3A15 /* Assets.xcassets */; };
		474C79AC2BD009BF003E3A15 /* Preview Assets.xcassets in Resources */ = {isa = PBXBuildFile; fileRef = 474C79AB2BD009BF003E3A15 /* Preview Assets.xcassets */; };
		5701B0C62C5C5AAA00592193 /* PreferenceKey.swift in Sources */ = {isa = PBXBuildFile; fileRef = 5701B0C52C5C5AAA00592193 /* PreferenceKey.swift */; };
		5701B0C92C5C6A0A00592193 /* Popovers in Frameworks */ = {isa = PBXBuildFile; productRef = 5701B0C82C5C6A0A00592193 /* Popovers */; };
		5701B0CB2C5C6AB800592193 /* SheetModal.swift in Sources */ = {isa = PBXBuildFile; fileRef = 5701B0CA2C5C6AB800592193 /* SheetModal.swift */; };
		5701B0CD2C5C6C2400592193 /* UpcomingFeastView.swift in Sources */ = {isa = PBXBuildFile; fileRef = 5701B0CC2C5C6C2400592193 /* UpcomingFeastView.swift */; };
		570515B22BDA6FBB00990A24 /* CopticDateView.swift in Sources */ = {isa = PBXBuildFile; fileRef = 570515B12BDA6FBB00990A24 /* CopticDateView.swift */; };
		570515B92BDAB91C00990A24 /* DatePickerView.swift in Sources */ = {isa = PBXBuildFile; fileRef = 570515B82BDAB91B00990A24 /* DatePickerView.swift */; };
		570515BC2BDAE0B500990A24 /* SaintDetailsView.swift in Sources */ = {isa = PBXBuildFile; fileRef = 570515BB2BDAE0B500990A24 /* SaintDetailsView.swift */; };
		570515BE2BDAE14700990A24 /* SaintImageView.swift in Sources */ = {isa = PBXBuildFile; fileRef = 570515BD2BDAE14700990A24 /* SaintImageView.swift */; };
		570515C22BDB037300990A24 /* NavigationButton.swift in Sources */ = {isa = PBXBuildFile; fileRef = 570515C12BDB037300990A24 /* NavigationButton.swift */; };
		570515C42BDB186F00990A24 /* DailyReadingView.swift in Sources */ = {isa = PBXBuildFile; fileRef = 570515C32BDB186F00990A24 /* DailyReadingView.swift */; };
		5707643E2BD68D1500C5C98B /* HomeSaintImageView.swift in Sources */ = {isa = PBXBuildFile; fileRef = 5707643D2BD68D1500C5C98B /* HomeSaintImageView.swift */; };
		570764412BD68EDA00C5C98B /* DeveloperPreview.swift in Sources */ = {isa = PBXBuildFile; fileRef = 570764402BD68EDA00C5C98B /* DeveloperPreview.swift */; };
		570764432BD696E000C5C98B /* IconImageDataService.swift in Sources */ = {isa = PBXBuildFile; fileRef = 570764422BD696E000C5C98B /* IconImageDataService.swift */; };
		570764452BD6987900C5C98B /* NetworkingManager.swift in Sources */ = {isa = PBXBuildFile; fileRef = 570764442BD6987900C5C98B /* NetworkingManager.swift */; };
		570764472BD69B9D00C5C98B /* IconImageViewModel.swift in Sources */ = {isa = PBXBuildFile; fileRef = 570764462BD69B9D00C5C98B /* IconImageViewModel.swift */; };
		570937052C125035006631F7 /* StoryDetailView.swift in Sources */ = {isa = PBXBuildFile; fileRef = 570937042C125035006631F7 /* StoryDetailView.swift */; };
		5728FE022BE6607A00FE4130 /* LocalFileManager.swift in Sources */ = {isa = PBXBuildFile; fileRef = 5728FE012BE6607A00FE4130 /* LocalFileManager.swift */; };
		5739B0D52C15EA8200493B4F /* GroupedSaintImageView.swift in Sources */ = {isa = PBXBuildFile; fileRef = 5739B0D42C15EA8100493B4F /* GroupedSaintImageView.swift */; };
		5739B0DC2C1645D500493B4F /* SaintGroupImageView.swift in Sources */ = {isa = PBXBuildFile; fileRef = 5739B0DB2C1645D500493B4F /* SaintGroupImageView.swift */; };
		57616ECE2BF503B800C867AC /* DateView.swift in Sources */ = {isa = PBXBuildFile; fileRef = 57616ECD2BF503B800C867AC /* DateView.swift */; };
		5762837C2C45519B004143CB /* GroupHeroTransitionView.swift in Sources */ = {isa = PBXBuildFile; fileRef = 5762837B2C45519B004143CB /* GroupHeroTransitionView.swift */; };
		577382032C1B112B003715F6 /* SaintGroupDetailsView.swift in Sources */ = {isa = PBXBuildFile; fileRef = 577382022C1B112B003715F6 /* SaintGroupDetailsView.swift */; };
		578293DA2BDF241200BF4162 /* ImageViewerViewModel.swift in Sources */ = {isa = PBXBuildFile; fileRef = 578293D92BDF241200BF4162 /* ImageViewerViewModel.swift */; };
		578B61052BD15C7B00DCDFF6 /* HomeVIewModel.swift in Sources */ = {isa = PBXBuildFile; fileRef = 578B61042BD15C7B00DCDFF6 /* HomeVIewModel.swift */; };
		578B61112BD15D9900DCDFF6 /* JSONRepository.swift in Sources */ = {isa = PBXBuildFile; fileRef = 578B610F2BD15D9900DCDFF6 /* JSONRepository.swift */; };
		578B61122BD15D9900DCDFF6 /* KatamerosRepository.swift in Sources */ = {isa = PBXBuildFile; fileRef = 578B61102BD15D9900DCDFF6 /* KatamerosRepository.swift */; };
		578B61142BD164A900DCDFF6 /* ReadingsColours.swift in Sources */ = {isa = PBXBuildFile; fileRef = 578B61132BD164A900DCDFF6 /* ReadingsColours.swift */; };
		5791383B2C3FFB45008A6E3A /* HeroTransitionView.swift in Sources */ = {isa = PBXBuildFile; fileRef = 5791383A2C3FFB45008A6E3A /* HeroTransitionView.swift */; };
		5797106F2BD138E400DFDBA3 /* HomeView.swift in Sources */ = {isa = PBXBuildFile; fileRef = 5797106E2BD138E400DFDBA3 /* HomeView.swift */; };
		579710A52BD1429900DFDBA3 /* ButtonStyle.swift in Sources */ = {isa = PBXBuildFile; fileRef = 579710A02BD1429900DFDBA3 /* ButtonStyle.swift */; };
		579710A62BD1429900DFDBA3 /* String+Extensions.swift in Sources */ = {isa = PBXBuildFile; fileRef = 579710A12BD1429900DFDBA3 /* String+Extensions.swift */; };
		579710A72BD1429900DFDBA3 /* Colours+Extensions.swift in Sources */ = {isa = PBXBuildFile; fileRef = 579710A22BD1429900DFDBA3 /* Colours+Extensions.swift */; };
		579710A82BD1429900DFDBA3 /* Date+Extensions.swift in Sources */ = {isa = PBXBuildFile; fileRef = 579710A32BD1429900DFDBA3 /* Date+Extensions.swift */; };
		579710A92BD1429900DFDBA3 /* Image+Extensions.swift in Sources */ = {isa = PBXBuildFile; fileRef = 579710A42BD1429900DFDBA3 /* Image+Extensions.swift */; };
		579710AB2BD142EB00DFDBA3 /* ReadingsView.swift in Sources */ = {isa = PBXBuildFile; fileRef = 579710AA2BD142EB00DFDBA3 /* ReadingsView.swift */; };
		579710B72BD146A100DFDBA3 /* IconModel.swift in Sources */ = {isa = PBXBuildFile; fileRef = 579710B22BD146A100DFDBA3 /* IconModel.swift */; };
		579710B82BD146A100DFDBA3 /* PsalmAndGospel.swift in Sources */ = {isa = PBXBuildFile; fileRef = 579710B32BD146A100DFDBA3 /* PsalmAndGospel.swift */; };
		579710B92BD146A100DFDBA3 /* Synaxar.swift in Sources */ = {isa = PBXBuildFile; fileRef = 579710B42BD146A100DFDBA3 /* Synaxar.swift */; };
		579710BA2BD146A100DFDBA3 /* PresentableSection.swift in Sources */ = {isa = PBXBuildFile; fileRef = 579710B52BD146A100DFDBA3 /* PresentableSection.swift */; };
		579710BB2BD146A100DFDBA3 /* Feast.swift in Sources */ = {isa = PBXBuildFile; fileRef = 579710B62BD146A100DFDBA3 /* Feast.swift */; };
		5798741D2C00B83300F0B2EE /* LaunchScreen.storyboard in Resources */ = {isa = PBXBuildFile; fileRef = 5798741C2C00B83300F0B2EE /* LaunchScreen.storyboard */; };
		5798741F2C00B99000F0B2EE /* LaunchView.swift in Sources */ = {isa = PBXBuildFile; fileRef = 5798741E2C00B99000F0B2EE /* LaunchView.swift */; };
		57A440252C3EFD3600CD6C25 /* Hero.swift in Sources */ = {isa = PBXBuildFile; fileRef = 57A440242C3EFD3600CD6C25 /* Hero.swift */; };
		57B7E84A2BD2B0A70016D6A4 /* OccasionModel.swift in Sources */ = {isa = PBXBuildFile; fileRef = 57B7E8492BD2B0A70016D6A4 /* OccasionModel.swift */; };
		57B7E8512BD2B4D00016D6A4 /* OccasionsViewModel.swift in Sources */ = {isa = PBXBuildFile; fileRef = 57B7E8502BD2B4D00016D6A4 /* OccasionsViewModel.swift */; };
		57CA77872BD7324C00A34725 /* OccasionDataService.swift in Sources */ = {isa = PBXBuildFile; fileRef = 57CA77862BD7324B00A34725 /* OccasionDataService.swift */; };
		57CF01842BE2530000508338 /* Zoomable.swift in Sources */ = {isa = PBXBuildFile; fileRef = 57CF01832BE2530000508338 /* Zoomable.swift */; };
		57EAE62F2BD7E75E00379CC5 /* LayerExample.swift in Sources */ = {isa = PBXBuildFile; fileRef = 57EAE62C2BD7E75E00379CC5 /* LayerExample.swift */; };
		57EAE6302BD7E75E00379CC5 /* PopupView.swift in Sources */ = {isa = PBXBuildFile; fileRef = 57EAE62D2BD7E75E00379CC5 /* PopupView.swift */; };
		57EAE6312BD7E75E00379CC5 /* LayerExampleComponents.swift in Sources */ = {isa = PBXBuildFile; fileRef = 57EAE62E2BD7E75E00379CC5 /* LayerExampleComponents.swift */; };
		57EAE6342BD7E76F00379CC5 /* Layer.swift in Sources */ = {isa = PBXBuildFile; fileRef = 57EAE6322BD7E76F00379CC5 /* Layer.swift */; };
		57EAE6352BD7E76F00379CC5 /* Layer+Extensions.swift in Sources */ = {isa = PBXBuildFile; fileRef = 57EAE6332BD7E76F00379CC5 /* Layer+Extensions.swift */; };
		57EAE6372BD7E79D00379CC5 /* HapticsManager.swift in Sources */ = {isa = PBXBuildFile; fileRef = 57EAE6362BD7E79D00379CC5 /* HapticsManager.swift */; };
		57EE90652BE4096000C7E1AE /* ShimmerView.swift in Sources */ = {isa = PBXBuildFile; fileRef = 57EE90642BE4096000C7E1AE /* ShimmerView.swift */; };
		57EE90672BE42EC600C7E1AE /* DailyQuoteView.swift in Sources */ = {isa = PBXBuildFile; fileRef = 57EE90662BE42EC600C7E1AE /* DailyQuoteView.swift */; };
		990F17A42C583B3900D05551 /* copticEvents.json in Resources */ = {isa = PBXBuildFile; fileRef = 990F17A32C583B3900D05551 /* copticEvents.json */; };
		99693B292CD95C0600ACB78E /* StoriesWithoutIconsView.swift in Sources */ = {isa = PBXBuildFile; fileRef = 99693B282CD95C0600ACB78E /* StoriesWithoutIconsView.swift */; };
		997A63B52CA73341007720A4 /* Shake in Frameworks */ = {isa = PBXBuildFile; productRef = 997A63B42CA73341007720A4 /* Shake */; };
		9986615C2CCA50F60071698B /* Saint.swift in Sources */ = {isa = PBXBuildFile; fileRef = 9986615B2CCA50F60071698B /* Saint.swift */; };
		998A7B7B2CA35E9E000BD963 /* Quote.swift in Sources */ = {isa = PBXBuildFile; fileRef = 998A7B7A2CA35E9E000BD963 /* Quote.swift */; };
		998A7B7D2CA35FA9000BD963 /* DailyQuoteViewModel.swift in Sources */ = {isa = PBXBuildFile; fileRef = 998A7B7C2CA35FA9000BD963 /* DailyQuoteViewModel.swift */; };
		99989BFE2C2CB6200033CDD3 /* CopticEvent.swift in Sources */ = {isa = PBXBuildFile; fileRef = 99989BFD2C2CB6200033CDD3 /* CopticEvent.swift */; };
		99B0468F2CE6887200F39CB7 /* dailyQuotes.json in Resources */ = {isa = PBXBuildFile; fileRef = 99B0468E2CE6887200F39CB7 /* dailyQuotes.json */; };
		99B5EA792C36FAF600FE829F /* Shimmer in Frameworks */ = {isa = PBXBuildFile; productRef = 995CEE0B2C25A12D004685D8 /* Shimmer */; };
		99B5EA7A2C36FAF600FE829F /* Lottie in Frameworks */ = {isa = PBXBuildFile; productRef = 995CEE0E2C25A1AB004685D8 /* Lottie */; };
		99B5EA7D2C373B7700FE829F /* ReadingView.swift in Sources */ = {isa = PBXBuildFile; fileRef = 99B5EA7C2C373B7700FE829F /* ReadingView.swift */; };
		99B71D7C2CCA2AD60017A68C /* WidgetKit.framework in Frameworks */ = {isa = PBXBuildFile; fileRef = 99B71D7B2CCA2AD50017A68C /* WidgetKit.framework */; };
		99B71D7E2CCA2AD60017A68C /* SwiftUI.framework in Frameworks */ = {isa = PBXBuildFile; fileRef = 99B71D7D2CCA2AD60017A68C /* SwiftUI.framework */; };
		99B71D812CCA2AD60017A68C /* AgiosWidgetBundle.swift in Sources */ = {isa = PBXBuildFile; fileRef = 99B71D802CCA2AD60017A68C /* AgiosWidgetBundle.swift */; };
		99B71D832CCA2AD60017A68C /* AgiosWidget.swift in Sources */ = {isa = PBXBuildFile; fileRef = 99B71D822CCA2AD60017A68C /* AgiosWidget.swift */; };
		99B71D852CCA2AD80017A68C /* Assets.xcassets in Resources */ = {isa = PBXBuildFile; fileRef = 99B71D842CCA2AD80017A68C /* Assets.xcassets */; };
		99B71D892CCA2AD80017A68C /* AgiosWidgetExtension.appex in Embed Foundation Extensions */ = {isa = PBXBuildFile; fileRef = 99B71D792CCA2AD50017A68C /* AgiosWidgetExtension.appex */; settings = {ATTRIBUTES = (RemoveHeadersOnCopy, ); }; };
		99B71D932CCA2C2B0017A68C /* IconService.swift in Sources */ = {isa = PBXBuildFile; fileRef = 99B71D922CCA2C2B0017A68C /* IconService.swift */; };
		99B71D952CCA2D3A0017A68C /* OccasionModel.swift in Sources */ = {isa = PBXBuildFile; fileRef = 57B7E8492BD2B0A70016D6A4 /* OccasionModel.swift */; };
		99B71D962CCA32840017A68C /* Assets.xcassets in Resources */ = {isa = PBXBuildFile; fileRef = 474C79A82BD009BF003E3A15 /* Assets.xcassets */; };
/* End PBXBuildFile section */

/* Begin PBXContainerItemProxy section */
		99B71D872CCA2AD80017A68C /* PBXContainerItemProxy */ = {
			isa = PBXContainerItemProxy;
			containerPortal = 474C79992BD009BC003E3A15 /* Project object */;
			proxyType = 1;
			remoteGlobalIDString = 99B71D782CCA2AD50017A68C;
			remoteInfo = AgiosWidgetExtension;
		};
/* End PBXContainerItemProxy section */

/* Begin PBXCopyFilesBuildPhase section */
		99B71D8A2CCA2AD80017A68C /* Embed Foundation Extensions */ = {
			isa = PBXCopyFilesBuildPhase;
			buildActionMask = 2147483647;
			dstPath = "";
			dstSubfolderSpec = 13;
			files = (
				99B71D892CCA2AD80017A68C /* AgiosWidgetExtension.appex in Embed Foundation Extensions */,
			);
			name = "Embed Foundation Extensions";
			runOnlyForDeploymentPostprocessing = 0;
		};
/* End PBXCopyFilesBuildPhase section */

/* Begin PBXFileReference section */
		474C79A12BD009BC003E3A15 /* Agios.app */ = {isa = PBXFileReference; explicitFileType = wrapper.application; includeInIndex = 0; path = Agios.app; sourceTree = BUILT_PRODUCTS_DIR; };
		474C79A42BD009BC003E3A15 /* AgiosApp.swift */ = {isa = PBXFileReference; lastKnownFileType = sourcecode.swift; path = AgiosApp.swift; sourceTree = "<group>"; };
		474C79A82BD009BF003E3A15 /* Assets.xcassets */ = {isa = PBXFileReference; lastKnownFileType = folder.assetcatalog; path = Assets.xcassets; sourceTree = "<group>"; };
		474C79AB2BD009BF003E3A15 /* Preview Assets.xcassets */ = {isa = PBXFileReference; lastKnownFileType = folder.assetcatalog; path = "Preview Assets.xcassets"; sourceTree = "<group>"; };
		5701B0C52C5C5AAA00592193 /* PreferenceKey.swift */ = {isa = PBXFileReference; lastKnownFileType = sourcecode.swift; path = PreferenceKey.swift; sourceTree = "<group>"; };
		5701B0CA2C5C6AB800592193 /* SheetModal.swift */ = {isa = PBXFileReference; lastKnownFileType = sourcecode.swift; path = SheetModal.swift; sourceTree = "<group>"; };
		5701B0CC2C5C6C2400592193 /* UpcomingFeastView.swift */ = {isa = PBXFileReference; lastKnownFileType = sourcecode.swift; path = UpcomingFeastView.swift; sourceTree = "<group>"; };
		5704F0972CE126AC001C17C7 /* AgiosWidgetExtension.entitlements */ = {isa = PBXFileReference; lastKnownFileType = text.plist.entitlements; path = AgiosWidgetExtension.entitlements; sourceTree = "<group>"; };
		5704F0982CE126BC001C17C7 /* Agios.entitlements */ = {isa = PBXFileReference; lastKnownFileType = text.plist.entitlements; path = Agios.entitlements; sourceTree = "<group>"; };
		570515B12BDA6FBB00990A24 /* CopticDateView.swift */ = {isa = PBXFileReference; lastKnownFileType = sourcecode.swift; path = CopticDateView.swift; sourceTree = "<group>"; };
		570515B82BDAB91B00990A24 /* DatePickerView.swift */ = {isa = PBXFileReference; lastKnownFileType = sourcecode.swift; path = DatePickerView.swift; sourceTree = "<group>"; };
		570515BB2BDAE0B500990A24 /* SaintDetailsView.swift */ = {isa = PBXFileReference; lastKnownFileType = sourcecode.swift; path = SaintDetailsView.swift; sourceTree = "<group>"; };
		570515BD2BDAE14700990A24 /* SaintImageView.swift */ = {isa = PBXFileReference; lastKnownFileType = sourcecode.swift; path = SaintImageView.swift; sourceTree = "<group>"; };
		570515C12BDB037300990A24 /* NavigationButton.swift */ = {isa = PBXFileReference; lastKnownFileType = sourcecode.swift; path = NavigationButton.swift; sourceTree = "<group>"; };
		570515C32BDB186F00990A24 /* DailyReadingView.swift */ = {isa = PBXFileReference; lastKnownFileType = sourcecode.swift; path = DailyReadingView.swift; sourceTree = "<group>"; };
		5707643D2BD68D1500C5C98B /* HomeSaintImageView.swift */ = {isa = PBXFileReference; lastKnownFileType = sourcecode.swift; path = HomeSaintImageView.swift; sourceTree = "<group>"; };
		570764402BD68EDA00C5C98B /* DeveloperPreview.swift */ = {isa = PBXFileReference; lastKnownFileType = sourcecode.swift; path = DeveloperPreview.swift; sourceTree = "<group>"; };
		570764422BD696E000C5C98B /* IconImageDataService.swift */ = {isa = PBXFileReference; lastKnownFileType = sourcecode.swift; path = IconImageDataService.swift; sourceTree = "<group>"; };
		570764442BD6987900C5C98B /* NetworkingManager.swift */ = {isa = PBXFileReference; lastKnownFileType = sourcecode.swift; path = NetworkingManager.swift; sourceTree = "<group>"; };
		570764462BD69B9D00C5C98B /* IconImageViewModel.swift */ = {isa = PBXFileReference; lastKnownFileType = sourcecode.swift; path = IconImageViewModel.swift; sourceTree = "<group>"; };
		570937042C125035006631F7 /* StoryDetailView.swift */ = {isa = PBXFileReference; lastKnownFileType = sourcecode.swift; path = StoryDetailView.swift; sourceTree = "<group>"; };
		5728FE012BE6607A00FE4130 /* LocalFileManager.swift */ = {isa = PBXFileReference; lastKnownFileType = sourcecode.swift; path = LocalFileManager.swift; sourceTree = "<group>"; };
		5739B0D42C15EA8100493B4F /* GroupedSaintImageView.swift */ = {isa = PBXFileReference; lastKnownFileType = sourcecode.swift; path = GroupedSaintImageView.swift; sourceTree = "<group>"; };
		5739B0DB2C1645D500493B4F /* SaintGroupImageView.swift */ = {isa = PBXFileReference; lastKnownFileType = sourcecode.swift; path = SaintGroupImageView.swift; sourceTree = "<group>"; };
		57616ECD2BF503B800C867AC /* DateView.swift */ = {isa = PBXFileReference; lastKnownFileType = sourcecode.swift; path = DateView.swift; sourceTree = "<group>"; };
		5762837B2C45519B004143CB /* GroupHeroTransitionView.swift */ = {isa = PBXFileReference; lastKnownFileType = sourcecode.swift; path = GroupHeroTransitionView.swift; sourceTree = "<group>"; };
		577382022C1B112B003715F6 /* SaintGroupDetailsView.swift */ = {isa = PBXFileReference; lastKnownFileType = sourcecode.swift; path = SaintGroupDetailsView.swift; sourceTree = "<group>"; };
		578293D92BDF241200BF4162 /* ImageViewerViewModel.swift */ = {isa = PBXFileReference; lastKnownFileType = sourcecode.swift; path = ImageViewerViewModel.swift; sourceTree = "<group>"; };
		578B61042BD15C7B00DCDFF6 /* HomeVIewModel.swift */ = {isa = PBXFileReference; lastKnownFileType = sourcecode.swift; path = HomeVIewModel.swift; sourceTree = "<group>"; };
		578B610F2BD15D9900DCDFF6 /* JSONRepository.swift */ = {isa = PBXFileReference; fileEncoding = 4; lastKnownFileType = sourcecode.swift; path = JSONRepository.swift; sourceTree = "<group>"; };
		578B61102BD15D9900DCDFF6 /* KatamerosRepository.swift */ = {isa = PBXFileReference; fileEncoding = 4; lastKnownFileType = sourcecode.swift; path = KatamerosRepository.swift; sourceTree = "<group>"; };
		578B61132BD164A900DCDFF6 /* ReadingsColours.swift */ = {isa = PBXFileReference; lastKnownFileType = sourcecode.swift; path = ReadingsColours.swift; sourceTree = "<group>"; };
		5791383A2C3FFB45008A6E3A /* HeroTransitionView.swift */ = {isa = PBXFileReference; lastKnownFileType = sourcecode.swift; path = HeroTransitionView.swift; sourceTree = "<group>"; };
		5797106E2BD138E400DFDBA3 /* HomeView.swift */ = {isa = PBXFileReference; lastKnownFileType = sourcecode.swift; path = HomeView.swift; sourceTree = "<group>"; };
		579710A02BD1429900DFDBA3 /* ButtonStyle.swift */ = {isa = PBXFileReference; fileEncoding = 4; lastKnownFileType = sourcecode.swift; path = ButtonStyle.swift; sourceTree = "<group>"; };
		579710A12BD1429900DFDBA3 /* String+Extensions.swift */ = {isa = PBXFileReference; fileEncoding = 4; lastKnownFileType = sourcecode.swift; path = "String+Extensions.swift"; sourceTree = "<group>"; };
		579710A22BD1429900DFDBA3 /* Colours+Extensions.swift */ = {isa = PBXFileReference; fileEncoding = 4; lastKnownFileType = sourcecode.swift; path = "Colours+Extensions.swift"; sourceTree = "<group>"; };
		579710A32BD1429900DFDBA3 /* Date+Extensions.swift */ = {isa = PBXFileReference; fileEncoding = 4; lastKnownFileType = sourcecode.swift; path = "Date+Extensions.swift"; sourceTree = "<group>"; };
		579710A42BD1429900DFDBA3 /* Image+Extensions.swift */ = {isa = PBXFileReference; fileEncoding = 4; lastKnownFileType = sourcecode.swift; path = "Image+Extensions.swift"; sourceTree = "<group>"; };
		579710AA2BD142EB00DFDBA3 /* ReadingsView.swift */ = {isa = PBXFileReference; lastKnownFileType = sourcecode.swift; path = ReadingsView.swift; sourceTree = "<group>"; };
		579710B22BD146A100DFDBA3 /* IconModel.swift */ = {isa = PBXFileReference; fileEncoding = 4; lastKnownFileType = sourcecode.swift; path = IconModel.swift; sourceTree = "<group>"; };
		579710B32BD146A100DFDBA3 /* PsalmAndGospel.swift */ = {isa = PBXFileReference; fileEncoding = 4; lastKnownFileType = sourcecode.swift; path = PsalmAndGospel.swift; sourceTree = "<group>"; };
		579710B42BD146A100DFDBA3 /* Synaxar.swift */ = {isa = PBXFileReference; fileEncoding = 4; lastKnownFileType = sourcecode.swift; path = Synaxar.swift; sourceTree = "<group>"; };
		579710B52BD146A100DFDBA3 /* PresentableSection.swift */ = {isa = PBXFileReference; fileEncoding = 4; lastKnownFileType = sourcecode.swift; path = PresentableSection.swift; sourceTree = "<group>"; };
		579710B62BD146A100DFDBA3 /* Feast.swift */ = {isa = PBXFileReference; fileEncoding = 4; lastKnownFileType = sourcecode.swift; path = Feast.swift; sourceTree = "<group>"; };
		5798741C2C00B83300F0B2EE /* LaunchScreen.storyboard */ = {isa = PBXFileReference; lastKnownFileType = file.storyboard; path = LaunchScreen.storyboard; sourceTree = "<group>"; };
		5798741E2C00B99000F0B2EE /* LaunchView.swift */ = {isa = PBXFileReference; lastKnownFileType = sourcecode.swift; path = LaunchView.swift; sourceTree = "<group>"; };
		57A440242C3EFD3600CD6C25 /* Hero.swift */ = {isa = PBXFileReference; lastKnownFileType = sourcecode.swift; path = Hero.swift; sourceTree = "<group>"; };
		57B7E8492BD2B0A70016D6A4 /* OccasionModel.swift */ = {isa = PBXFileReference; lastKnownFileType = sourcecode.swift; path = OccasionModel.swift; sourceTree = "<group>"; };
		57B7E8502BD2B4D00016D6A4 /* OccasionsViewModel.swift */ = {isa = PBXFileReference; lastKnownFileType = sourcecode.swift; path = OccasionsViewModel.swift; sourceTree = "<group>"; };
		57CA77862BD7324B00A34725 /* OccasionDataService.swift */ = {isa = PBXFileReference; lastKnownFileType = sourcecode.swift; path = OccasionDataService.swift; sourceTree = "<group>"; };
		57CF01832BE2530000508338 /* Zoomable.swift */ = {isa = PBXFileReference; lastKnownFileType = sourcecode.swift; path = Zoomable.swift; sourceTree = "<group>"; };
		57EAE62C2BD7E75E00379CC5 /* LayerExample.swift */ = {isa = PBXFileReference; fileEncoding = 4; lastKnownFileType = sourcecode.swift; path = LayerExample.swift; sourceTree = "<group>"; };
		57EAE62D2BD7E75E00379CC5 /* PopupView.swift */ = {isa = PBXFileReference; fileEncoding = 4; lastKnownFileType = sourcecode.swift; path = PopupView.swift; sourceTree = "<group>"; };
		57EAE62E2BD7E75E00379CC5 /* LayerExampleComponents.swift */ = {isa = PBXFileReference; fileEncoding = 4; lastKnownFileType = sourcecode.swift; path = LayerExampleComponents.swift; sourceTree = "<group>"; };
		57EAE6322BD7E76F00379CC5 /* Layer.swift */ = {isa = PBXFileReference; fileEncoding = 4; lastKnownFileType = sourcecode.swift; path = Layer.swift; sourceTree = "<group>"; };
		57EAE6332BD7E76F00379CC5 /* Layer+Extensions.swift */ = {isa = PBXFileReference; fileEncoding = 4; lastKnownFileType = sourcecode.swift; path = "Layer+Extensions.swift"; sourceTree = "<group>"; };
		57EAE6362BD7E79D00379CC5 /* HapticsManager.swift */ = {isa = PBXFileReference; lastKnownFileType = sourcecode.swift; path = HapticsManager.swift; sourceTree = "<group>"; };
		57EE90642BE4096000C7E1AE /* ShimmerView.swift */ = {isa = PBXFileReference; lastKnownFileType = sourcecode.swift; path = ShimmerView.swift; sourceTree = "<group>"; };
		57EE90662BE42EC600C7E1AE /* DailyQuoteView.swift */ = {isa = PBXFileReference; lastKnownFileType = sourcecode.swift; path = DailyQuoteView.swift; sourceTree = "<group>"; };
		990F17A32C583B3900D05551 /* copticEvents.json */ = {isa = PBXFileReference; fileEncoding = 4; lastKnownFileType = text.json; path = copticEvents.json; sourceTree = "<group>"; };
		99693B282CD95C0600ACB78E /* StoriesWithoutIconsView.swift */ = {isa = PBXFileReference; fileEncoding = 4; lastKnownFileType = sourcecode.swift; path = StoriesWithoutIconsView.swift; sourceTree = "<group>"; };
		9986615B2CCA50F60071698B /* Saint.swift */ = {isa = PBXFileReference; lastKnownFileType = sourcecode.swift; path = Saint.swift; sourceTree = "<group>"; };
		998A7B7A2CA35E9E000BD963 /* Quote.swift */ = {isa = PBXFileReference; lastKnownFileType = sourcecode.swift; path = Quote.swift; sourceTree = "<group>"; };
		998A7B7C2CA35FA9000BD963 /* DailyQuoteViewModel.swift */ = {isa = PBXFileReference; lastKnownFileType = sourcecode.swift; path = DailyQuoteViewModel.swift; sourceTree = "<group>"; };
		99989BFD2C2CB6200033CDD3 /* CopticEvent.swift */ = {isa = PBXFileReference; lastKnownFileType = sourcecode.swift; path = CopticEvent.swift; sourceTree = "<group>"; };
		99B0468E2CE6887200F39CB7 /* dailyQuotes.json */ = {isa = PBXFileReference; fileEncoding = 4; lastKnownFileType = text.json; path = dailyQuotes.json; sourceTree = "<group>"; };
		99B5998A2C2E03B5000F6307 /* Info.plist */ = {isa = PBXFileReference; lastKnownFileType = text.plist; path = Info.plist; sourceTree = "<group>"; };
		99B5EA7C2C373B7700FE829F /* ReadingView.swift */ = {isa = PBXFileReference; lastKnownFileType = sourcecode.swift; path = ReadingView.swift; sourceTree = "<group>"; };
		99B71D792CCA2AD50017A68C /* AgiosWidgetExtension.appex */ = {isa = PBXFileReference; explicitFileType = "wrapper.app-extension"; includeInIndex = 0; path = AgiosWidgetExtension.appex; sourceTree = BUILT_PRODUCTS_DIR; };
		99B71D7B2CCA2AD50017A68C /* WidgetKit.framework */ = {isa = PBXFileReference; lastKnownFileType = wrapper.framework; name = WidgetKit.framework; path = System/Library/Frameworks/WidgetKit.framework; sourceTree = SDKROOT; };
		99B71D7D2CCA2AD60017A68C /* SwiftUI.framework */ = {isa = PBXFileReference; lastKnownFileType = wrapper.framework; name = SwiftUI.framework; path = System/Library/Frameworks/SwiftUI.framework; sourceTree = SDKROOT; };
		99B71D802CCA2AD60017A68C /* AgiosWidgetBundle.swift */ = {isa = PBXFileReference; lastKnownFileType = sourcecode.swift; path = AgiosWidgetBundle.swift; sourceTree = "<group>"; };
		99B71D822CCA2AD60017A68C /* AgiosWidget.swift */ = {isa = PBXFileReference; lastKnownFileType = sourcecode.swift; path = AgiosWidget.swift; sourceTree = "<group>"; };
		99B71D842CCA2AD80017A68C /* Assets.xcassets */ = {isa = PBXFileReference; lastKnownFileType = folder.assetcatalog; path = Assets.xcassets; sourceTree = "<group>"; };
		99B71D862CCA2AD80017A68C /* Info.plist */ = {isa = PBXFileReference; lastKnownFileType = text.plist.xml; path = Info.plist; sourceTree = "<group>"; };
		99B71D922CCA2C2B0017A68C /* IconService.swift */ = {isa = PBXFileReference; lastKnownFileType = sourcecode.swift; path = IconService.swift; sourceTree = "<group>"; };
/* End PBXFileReference section */

/* Begin PBXFrameworksBuildPhase section */
		474C799E2BD009BC003E3A15 /* Frameworks */ = {
			isa = PBXFrameworksBuildPhase;
			buildActionMask = 2147483647;
			files = (
				99B5EA7A2C36FAF600FE829F /* Lottie in Frameworks */,
				5701B0C92C5C6A0A00592193 /* Popovers in Frameworks */,
				99B5EA792C36FAF600FE829F /* Shimmer in Frameworks */,
				997A63B52CA73341007720A4 /* Shake in Frameworks */,
			);
			runOnlyForDeploymentPostprocessing = 0;
		};
		99B71D762CCA2AD50017A68C /* Frameworks */ = {
			isa = PBXFrameworksBuildPhase;
			buildActionMask = 2147483647;
			files = (
				99B71D7E2CCA2AD60017A68C /* SwiftUI.framework in Frameworks */,
				99B71D7C2CCA2AD60017A68C /* WidgetKit.framework in Frameworks */,
			);
			runOnlyForDeploymentPostprocessing = 0;
		};
/* End PBXFrameworksBuildPhase section */

/* Begin PBXGroup section */
		474C79982BD009BC003E3A15 = {
			isa = PBXGroup;
			children = (
				5704F0972CE126AC001C17C7 /* AgiosWidgetExtension.entitlements */,
				474C79A32BD009BC003E3A15 /* Agios */,
				99B71D7F2CCA2AD60017A68C /* AgiosWidget */,
				99B71D7A2CCA2AD50017A68C /* Frameworks */,
				474C79A22BD009BC003E3A15 /* Products */,
			);
			sourceTree = "<group>";
		};
		474C79A22BD009BC003E3A15 /* Products */ = {
			isa = PBXGroup;
			children = (
				474C79A12BD009BC003E3A15 /* Agios.app */,
				99B71D792CCA2AD50017A68C /* AgiosWidgetExtension.appex */,
			);
			name = Products;
			sourceTree = "<group>";
		};
		474C79A32BD009BC003E3A15 /* Agios */ = {
			isa = PBXGroup;
			children = (
				5704F0982CE126BC001C17C7 /* Agios.entitlements */,
				99B5998A2C2E03B5000F6307 /* Info.plist */,
				474C79A42BD009BC003E3A15 /* AgiosApp.swift */,
				570515C02BDB035F00990A24 /* Components */,
				5797106A2BD1385900DFDBA3 /* Core */,
				579710742BD13AD900DFDBA3 /* Domain */,
				5797109F2BD1423400DFDBA3 /* Extensions */,
				99989BFA2C2CB4300033CDD3 /* Resources */,
				474C79A82BD009BF003E3A15 /* Assets.xcassets */,
				474C79AA2BD009BF003E3A15 /* Preview Content */,
			);
			path = Agios;
			sourceTree = "<group>";
		};
		474C79AA2BD009BF003E3A15 /* Preview Content */ = {
			isa = PBXGroup;
			children = (
				474C79AB2BD009BF003E3A15 /* Preview Assets.xcassets */,
			);
			path = "Preview Content";
			sourceTree = "<group>";
		};
		570515BA2BDAE0A200990A24 /* Saint */ = {
			isa = PBXGroup;
			children = (
				578293D82BDF240100BF4162 /* ViewModel */,
				570515BB2BDAE0B500990A24 /* SaintDetailsView.swift */,
				5739B0DB2C1645D500493B4F /* SaintGroupImageView.swift */,
				577382022C1B112B003715F6 /* SaintGroupDetailsView.swift */,
				570937042C125035006631F7 /* StoryDetailView.swift */,
				57CF01832BE2530000508338 /* Zoomable.swift */,
				5701B0CC2C5C6C2400592193 /* UpcomingFeastView.swift */,
				570515BD2BDAE14700990A24 /* SaintImageView.swift */,
			);
			path = Saint;
			sourceTree = "<group>";
		};
		570515C02BDB035F00990A24 /* Components */ = {
			isa = PBXGroup;
			children = (
				570515C12BDB037300990A24 /* NavigationButton.swift */,
				5728FE012BE6607A00FE4130 /* LocalFileManager.swift */,
			);
			path = Components;
			sourceTree = "<group>";
		};
		578293D82BDF240100BF4162 /* ViewModel */ = {
			isa = PBXGroup;
			children = (
				578293D92BDF241200BF4162 /* ImageViewerViewModel.swift */,
			);
			path = ViewModel;
			sourceTree = "<group>";
		};
		578B610E2BD15D7600DCDFF6 /* Gateways */ = {
			isa = PBXGroup;
			children = (
				578B610F2BD15D9900DCDFF6 /* JSONRepository.swift */,
				578B61102BD15D9900DCDFF6 /* KatamerosRepository.swift */,
			);
			path = Gateways;
			sourceTree = "<group>";
		};
		579710692BD1383500DFDBA3 /* Home */ = {
			isa = PBXGroup;
			children = (
				579710702BD138F700DFDBA3 /* ViewModel */,
				5797106D2BD138C200DFDBA3 /* Views */,
			);
			path = Home;
			sourceTree = "<group>";
		};
		5797106A2BD1385900DFDBA3 /* Core */ = {
			isa = PBXGroup;
			children = (
				5798741B2C00B80600F0B2EE /* Launch */,
				570515BA2BDAE0A200990A24 /* Saint */,
				57EAE6292BD7E70E00379CC5 /* Layers */,
				579710732BD13AA400DFDBA3 /* Readings */,
				579710692BD1383500DFDBA3 /* Home */,
			);
			path = Core;
			sourceTree = "<group>";
		};
		5797106D2BD138C200DFDBA3 /* Views */ = {
			isa = PBXGroup;
			children = (
				99693B282CD95C0600ACB78E /* StoriesWithoutIconsView.swift */,
				5797106E2BD138E400DFDBA3 /* HomeView.swift */,
				5791383A2C3FFB45008A6E3A /* HeroTransitionView.swift */,
				5762837B2C45519B004143CB /* GroupHeroTransitionView.swift */,
				57EE90662BE42EC600C7E1AE /* DailyQuoteView.swift */,
				998A7B7C2CA35FA9000BD963 /* DailyQuoteViewModel.swift */,
				57EE90642BE4096000C7E1AE /* ShimmerView.swift */,
				570515B12BDA6FBB00990A24 /* CopticDateView.swift */,
				57616ECD2BF503B800C867AC /* DateView.swift */,
				570515B82BDAB91B00990A24 /* DatePickerView.swift */,
				5707643D2BD68D1500C5C98B /* HomeSaintImageView.swift */,
				5739B0D42C15EA8100493B4F /* GroupedSaintImageView.swift */,
			);
			path = Views;
			sourceTree = "<group>";
		};
		579710702BD138F700DFDBA3 /* ViewModel */ = {
			isa = PBXGroup;
			children = (
				578B61042BD15C7B00DCDFF6 /* HomeVIewModel.swift */,
				57B7E8502BD2B4D00016D6A4 /* OccasionsViewModel.swift */,
				570764462BD69B9D00C5C98B /* IconImageViewModel.swift */,
			);
			path = ViewModel;
			sourceTree = "<group>";
		};
		579710732BD13AA400DFDBA3 /* Readings */ = {
			isa = PBXGroup;
			children = (
				579710AE2BD1446E00DFDBA3 /* Views */,
			);
			path = Readings;
			sourceTree = "<group>";
		};
		579710742BD13AD900DFDBA3 /* Domain */ = {
			isa = PBXGroup;
			children = (
				579710B12BD1462600DFDBA3 /* Entities */,
				579710822BD13DCD00DFDBA3 /* Data */,
			);
			path = Domain;
			sourceTree = "<group>";
		};
		579710822BD13DCD00DFDBA3 /* Data */ = {
			isa = PBXGroup;
			children = (
				57B7E84B2BD2B35F0016D6A4 /* Services */,
				57B7E8462BD2AD2F0016D6A4 /* Model */,
				578B610E2BD15D7600DCDFF6 /* Gateways */,
			);
			path = Data;
			sourceTree = "<group>";
		};
		5797109F2BD1423400DFDBA3 /* Extensions */ = {
			isa = PBXGroup;
			children = (
				570764402BD68EDA00C5C98B /* DeveloperPreview.swift */,
				57A440242C3EFD3600CD6C25 /* Hero.swift */,
				5701B0C52C5C5AAA00592193 /* PreferenceKey.swift */,
				579710A02BD1429900DFDBA3 /* ButtonStyle.swift */,
				57EAE6362BD7E79D00379CC5 /* HapticsManager.swift */,
				579710A22BD1429900DFDBA3 /* Colours+Extensions.swift */,
				579710A32BD1429900DFDBA3 /* Date+Extensions.swift */,
				579710A42BD1429900DFDBA3 /* Image+Extensions.swift */,
				579710A12BD1429900DFDBA3 /* String+Extensions.swift */,
			);
			path = Extensions;
			sourceTree = "<group>";
		};
		579710AE2BD1446E00DFDBA3 /* Views */ = {
			isa = PBXGroup;
			children = (
				579710AA2BD142EB00DFDBA3 /* ReadingsView.swift */,
				570515C32BDB186F00990A24 /* DailyReadingView.swift */,
				99B5EA7C2C373B7700FE829F /* ReadingView.swift */,
				5701B0CA2C5C6AB800592193 /* SheetModal.swift */,
				578B61132BD164A900DCDFF6 /* ReadingsColours.swift */,
			);
			path = Views;
			sourceTree = "<group>";
		};
		579710B12BD1462600DFDBA3 /* Entities */ = {
			isa = PBXGroup;
			children = (
				579710B62BD146A100DFDBA3 /* Feast.swift */,
				579710B22BD146A100DFDBA3 /* IconModel.swift */,
				579710B52BD146A100DFDBA3 /* PresentableSection.swift */,
				579710B32BD146A100DFDBA3 /* PsalmAndGospel.swift */,
				579710B42BD146A100DFDBA3 /* Synaxar.swift */,
				99989BFD2C2CB6200033CDD3 /* CopticEvent.swift */,
				998A7B7A2CA35E9E000BD963 /* Quote.swift */,
			);
			path = Entities;
			sourceTree = "<group>";
		};
		5798741B2C00B80600F0B2EE /* Launch */ = {
			isa = PBXGroup;
			children = (
				5798741C2C00B83300F0B2EE /* LaunchScreen.storyboard */,
				5798741E2C00B99000F0B2EE /* LaunchView.swift */,
			);
			path = Launch;
			sourceTree = "<group>";
		};
		57B7E8462BD2AD2F0016D6A4 /* Model */ = {
			isa = PBXGroup;
			children = (
				57B7E8492BD2B0A70016D6A4 /* OccasionModel.swift */,
			);
			path = Model;
			sourceTree = "<group>";
		};
		57B7E84B2BD2B35F0016D6A4 /* Services */ = {
			isa = PBXGroup;
			children = (
				570764422BD696E000C5C98B /* IconImageDataService.swift */,
				57CA77862BD7324B00A34725 /* OccasionDataService.swift */,
				570764442BD6987900C5C98B /* NetworkingManager.swift */,
			);
			path = Services;
			sourceTree = "<group>";
		};
		57EAE6292BD7E70E00379CC5 /* Layers */ = {
			isa = PBXGroup;
			children = (
				57EAE62B2BD7E72500379CC5 /* Source */,
				57EAE62A2BD7E71700379CC5 /* Example */,
			);
			path = Layers;
			sourceTree = "<group>";
		};
		57EAE62A2BD7E71700379CC5 /* Example */ = {
			isa = PBXGroup;
			children = (
				57EAE62C2BD7E75E00379CC5 /* LayerExample.swift */,
				57EAE62E2BD7E75E00379CC5 /* LayerExampleComponents.swift */,
				57EAE62D2BD7E75E00379CC5 /* PopupView.swift */,
			);
			path = Example;
			sourceTree = "<group>";
		};
		57EAE62B2BD7E72500379CC5 /* Source */ = {
			isa = PBXGroup;
			children = (
				57EAE6322BD7E76F00379CC5 /* Layer.swift */,
				57EAE6332BD7E76F00379CC5 /* Layer+Extensions.swift */,
			);
			path = Source;
			sourceTree = "<group>";
		};
		9986615A2CCA50D90071698B /* Model */ = {
			isa = PBXGroup;
			children = (
				9986615B2CCA50F60071698B /* Saint.swift */,
			);
			path = Model;
			sourceTree = "<group>";
		};
		99989BFA2C2CB4300033CDD3 /* Resources */ = {
			isa = PBXGroup;
			children = (
				99B0468E2CE6887200F39CB7 /* dailyQuotes.json */,
				990F17A32C583B3900D05551 /* copticEvents.json */,
			);
			path = Resources;
			sourceTree = "<group>";
		};
		99B71D7A2CCA2AD50017A68C /* Frameworks */ = {
			isa = PBXGroup;
			children = (
				99B71D7B2CCA2AD50017A68C /* WidgetKit.framework */,
				99B71D7D2CCA2AD60017A68C /* SwiftUI.framework */,
			);
			name = Frameworks;
			sourceTree = "<group>";
		};
		99B71D7F2CCA2AD60017A68C /* AgiosWidget */ = {
			isa = PBXGroup;
			children = (
				9986615A2CCA50D90071698B /* Model */,
				99B71D912CCA2C1A0017A68C /* Service */,
				99B71D802CCA2AD60017A68C /* AgiosWidgetBundle.swift */,
				99B71D822CCA2AD60017A68C /* AgiosWidget.swift */,
				99B71D842CCA2AD80017A68C /* Assets.xcassets */,
				99B71D862CCA2AD80017A68C /* Info.plist */,
			);
			path = AgiosWidget;
			sourceTree = "<group>";
		};
		99B71D912CCA2C1A0017A68C /* Service */ = {
			isa = PBXGroup;
			children = (
				99B71D922CCA2C2B0017A68C /* IconService.swift */,
			);
			path = Service;
			sourceTree = "<group>";
		};
/* End PBXGroup section */

/* Begin PBXNativeTarget section */
		474C79A02BD009BC003E3A15 /* Agios */ = {
			isa = PBXNativeTarget;
			buildConfigurationList = 474C79AF2BD009BF003E3A15 /* Build configuration list for PBXNativeTarget "Agios" */;
			buildPhases = (
				474C799D2BD009BC003E3A15 /* Sources */,
				474C799E2BD009BC003E3A15 /* Frameworks */,
				474C799F2BD009BC003E3A15 /* Resources */,
				99B71D8A2CCA2AD80017A68C /* Embed Foundation Extensions */,
			);
			buildRules = (
			);
			dependencies = (
				99B71D882CCA2AD80017A68C /* PBXTargetDependency */,
			);
			name = Agios;
			packageProductDependencies = (
				995CEE0B2C25A12D004685D8 /* Shimmer */,
				995CEE0E2C25A1AB004685D8 /* Lottie */,
				5701B0C82C5C6A0A00592193 /* Popovers */,
				997A63B42CA73341007720A4 /* Shake */,
			);
			productName = Agios;
			productReference = 474C79A12BD009BC003E3A15 /* Agios.app */;
			productType = "com.apple.product-type.application";
		};
		99B71D782CCA2AD50017A68C /* AgiosWidgetExtension */ = {
			isa = PBXNativeTarget;
			buildConfigurationList = 99B71D8D2CCA2AD80017A68C /* Build configuration list for PBXNativeTarget "AgiosWidgetExtension" */;
			buildPhases = (
				99B71D752CCA2AD50017A68C /* Sources */,
				99B71D762CCA2AD50017A68C /* Frameworks */,
				99B71D772CCA2AD50017A68C /* Resources */,
			);
			buildRules = (
			);
			dependencies = (
			);
			name = AgiosWidgetExtension;
			productName = AgiosWidgetExtension;
			productReference = 99B71D792CCA2AD50017A68C /* AgiosWidgetExtension.appex */;
			productType = "com.apple.product-type.app-extension";
		};
/* End PBXNativeTarget section */

/* Begin PBXProject section */
		474C79992BD009BC003E3A15 /* Project object */ = {
			isa = PBXProject;
			attributes = {
				BuildIndependentTargetsInParallel = 1;
				LastSwiftUpdateCheck = 1540;
				LastUpgradeCheck = 1530;
				TargetAttributes = {
					474C79A02BD009BC003E3A15 = {
						CreatedOnToolsVersion = 15.3;
					};
					99B71D782CCA2AD50017A68C = {
						CreatedOnToolsVersion = 15.4;
					};
				};
			};
			buildConfigurationList = 474C799C2BD009BC003E3A15 /* Build configuration list for PBXProject "Agios" */;
			compatibilityVersion = "Xcode 14.0";
			developmentRegion = en;
			hasScannedForEncodings = 0;
			knownRegions = (
				en,
				Base,
			);
			mainGroup = 474C79982BD009BC003E3A15;
			packageReferences = (
				995CEE0A2C25A12D004685D8 /* XCRemoteSwiftPackageReference "SwiftUI-Shimmer" */,
				995CEE0D2C25A1AB004685D8 /* XCRemoteSwiftPackageReference "lottie-ios" */,
				995CEE102C25A1C6004685D8 /* XCRemoteSwiftPackageReference "UIImageColors" */,
				5701B0C72C5C6A0A00592193 /* XCRemoteSwiftPackageReference "Popovers" */,
				997A63B32CA73341007720A4 /* XCRemoteSwiftPackageReference "shake-ios" */,
			);
			productRefGroup = 474C79A22BD009BC003E3A15 /* Products */;
			projectDirPath = "";
			projectRoot = "";
			targets = (
				474C79A02BD009BC003E3A15 /* Agios */,
				99B71D782CCA2AD50017A68C /* AgiosWidgetExtension */,
			);
		};
/* End PBXProject section */

/* Begin PBXResourcesBuildPhase section */
		474C799F2BD009BC003E3A15 /* Resources */ = {
			isa = PBXResourcesBuildPhase;
			buildActionMask = 2147483647;
			files = (
				990F17A42C583B3900D05551 /* copticEvents.json in Resources */,
				474C79AC2BD009BF003E3A15 /* Preview Assets.xcassets in Resources */,
				99B0468F2CE6887200F39CB7 /* dailyQuotes.json in Resources */,
				474C79A92BD009BF003E3A15 /* Assets.xcassets in Resources */,
				5798741D2C00B83300F0B2EE /* LaunchScreen.storyboard in Resources */,
			);
			runOnlyForDeploymentPostprocessing = 0;
		};
		99B71D772CCA2AD50017A68C /* Resources */ = {
			isa = PBXResourcesBuildPhase;
			buildActionMask = 2147483647;
			files = (
				99B71D962CCA32840017A68C /* Assets.xcassets in Resources */,
				99B71D852CCA2AD80017A68C /* Assets.xcassets in Resources */,
			);
			runOnlyForDeploymentPostprocessing = 0;
		};
/* End PBXResourcesBuildPhase section */

/* Begin PBXSourcesBuildPhase section */
		474C799D2BD009BC003E3A15 /* Sources */ = {
			isa = PBXSourcesBuildPhase;
			buildActionMask = 2147483647;
			files = (
				57EAE6302BD7E75E00379CC5 /* PopupView.swift in Sources */,
				99693B292CD95C0600ACB78E /* StoriesWithoutIconsView.swift in Sources */,
				5798741F2C00B99000F0B2EE /* LaunchView.swift in Sources */,
				57B7E8512BD2B4D00016D6A4 /* OccasionsViewModel.swift in Sources */,
				5707643E2BD68D1500C5C98B /* HomeSaintImageView.swift in Sources */,
				570764472BD69B9D00C5C98B /* IconImageViewModel.swift in Sources */,
				57EAE6352BD7E76F00379CC5 /* Layer+Extensions.swift in Sources */,
				570764452BD6987900C5C98B /* NetworkingManager.swift in Sources */,
				579710BB2BD146A100DFDBA3 /* Feast.swift in Sources */,
				5701B0CB2C5C6AB800592193 /* SheetModal.swift in Sources */,
				57EE90652BE4096000C7E1AE /* ShimmerView.swift in Sources */,
				579710A82BD1429900DFDBA3 /* Date+Extensions.swift in Sources */,
				5762837C2C45519B004143CB /* GroupHeroTransitionView.swift in Sources */,
				570515BC2BDAE0B500990A24 /* SaintDetailsView.swift in Sources */,
				570515B92BDAB91C00990A24 /* DatePickerView.swift in Sources */,
				579710A72BD1429900DFDBA3 /* Colours+Extensions.swift in Sources */,
				57616ECE2BF503B800C867AC /* DateView.swift in Sources */,
				57EAE6372BD7E79D00379CC5 /* HapticsManager.swift in Sources */,
				57CF01842BE2530000508338 /* Zoomable.swift in Sources */,
				579710A92BD1429900DFDBA3 /* Image+Extensions.swift in Sources */,
				577382032C1B112B003715F6 /* SaintGroupDetailsView.swift in Sources */,
				579710B72BD146A100DFDBA3 /* IconModel.swift in Sources */,
				998A7B7D2CA35FA9000BD963 /* DailyQuoteViewModel.swift in Sources */,
				57B7E84A2BD2B0A70016D6A4 /* OccasionModel.swift in Sources */,
				578B61122BD15D9900DCDFF6 /* KatamerosRepository.swift in Sources */,
				57EE90672BE42EC600C7E1AE /* DailyQuoteView.swift in Sources */,
				578B61052BD15C7B00DCDFF6 /* HomeVIewModel.swift in Sources */,
				57CA77872BD7324C00A34725 /* OccasionDataService.swift in Sources */,
				570937052C125035006631F7 /* StoryDetailView.swift in Sources */,
				5739B0D52C15EA8200493B4F /* GroupedSaintImageView.swift in Sources */,
				579710A52BD1429900DFDBA3 /* ButtonStyle.swift in Sources */,
				998A7B7B2CA35E9E000BD963 /* Quote.swift in Sources */,
				5728FE022BE6607A00FE4130 /* LocalFileManager.swift in Sources */,
				99989BFE2C2CB6200033CDD3 /* CopticEvent.swift in Sources */,
				99B5EA7D2C373B7700FE829F /* ReadingView.swift in Sources */,
				578B61112BD15D9900DCDFF6 /* JSONRepository.swift in Sources */,
				57EAE6342BD7E76F00379CC5 /* Layer.swift in Sources */,
				570515B22BDA6FBB00990A24 /* CopticDateView.swift in Sources */,
				570764412BD68EDA00C5C98B /* DeveloperPreview.swift in Sources */,
				579710AB2BD142EB00DFDBA3 /* ReadingsView.swift in Sources */,
				5797106F2BD138E400DFDBA3 /* HomeView.swift in Sources */,
				579710BA2BD146A100DFDBA3 /* PresentableSection.swift in Sources */,
				5739B0DC2C1645D500493B4F /* SaintGroupImageView.swift in Sources */,
				570515BE2BDAE14700990A24 /* SaintImageView.swift in Sources */,
				57EAE62F2BD7E75E00379CC5 /* LayerExample.swift in Sources */,
				57EAE6312BD7E75E00379CC5 /* LayerExampleComponents.swift in Sources */,
				579710A62BD1429900DFDBA3 /* String+Extensions.swift in Sources */,
				579710B92BD146A100DFDBA3 /* Synaxar.swift in Sources */,
				5701B0CD2C5C6C2400592193 /* UpcomingFeastView.swift in Sources */,
				474C79A52BD009BC003E3A15 /* AgiosApp.swift in Sources */,
				578293DA2BDF241200BF4162 /* ImageViewerViewModel.swift in Sources */,
				570515C22BDB037300990A24 /* NavigationButton.swift in Sources */,
				5791383B2C3FFB45008A6E3A /* HeroTransitionView.swift in Sources */,
				578B61142BD164A900DCDFF6 /* ReadingsColours.swift in Sources */,
				57A440252C3EFD3600CD6C25 /* Hero.swift in Sources */,
				570515C42BDB186F00990A24 /* DailyReadingView.swift in Sources */,
				5701B0C62C5C5AAA00592193 /* PreferenceKey.swift in Sources */,
				579710B82BD146A100DFDBA3 /* PsalmAndGospel.swift in Sources */,
				570764432BD696E000C5C98B /* IconImageDataService.swift in Sources */,
			);
			runOnlyForDeploymentPostprocessing = 0;
		};
		99B71D752CCA2AD50017A68C /* Sources */ = {
			isa = PBXSourcesBuildPhase;
			buildActionMask = 2147483647;
			files = (
				99B71D812CCA2AD60017A68C /* AgiosWidgetBundle.swift in Sources */,
				99B71D932CCA2C2B0017A68C /* IconService.swift in Sources */,
				99B71D952CCA2D3A0017A68C /* OccasionModel.swift in Sources */,
				9986615C2CCA50F60071698B /* Saint.swift in Sources */,
				99B71D832CCA2AD60017A68C /* AgiosWidget.swift in Sources */,
			);
			runOnlyForDeploymentPostprocessing = 0;
		};
/* End PBXSourcesBuildPhase section */

/* Begin PBXTargetDependency section */
		99B71D882CCA2AD80017A68C /* PBXTargetDependency */ = {
			isa = PBXTargetDependency;
			target = 99B71D782CCA2AD50017A68C /* AgiosWidgetExtension */;
			targetProxy = 99B71D872CCA2AD80017A68C /* PBXContainerItemProxy */;
		};
/* End PBXTargetDependency section */

/* Begin XCBuildConfiguration section */
		474C79AD2BD009BF003E3A15 /* Debug */ = {
			isa = XCBuildConfiguration;
			buildSettings = {
				ALWAYS_SEARCH_USER_PATHS = NO;
				ASSETCATALOG_COMPILER_GENERATE_SWIFT_ASSET_SYMBOL_EXTENSIONS = YES;
				CLANG_ANALYZER_NONNULL = YES;
				CLANG_ANALYZER_NUMBER_OBJECT_CONVERSION = YES_AGGRESSIVE;
				CLANG_CXX_LANGUAGE_STANDARD = "gnu++20";
				CLANG_ENABLE_MODULES = YES;
				CLANG_ENABLE_OBJC_ARC = YES;
				CLANG_ENABLE_OBJC_WEAK = YES;
				CLANG_WARN_BLOCK_CAPTURE_AUTORELEASING = YES;
				CLANG_WARN_BOOL_CONVERSION = YES;
				CLANG_WARN_COMMA = YES;
				CLANG_WARN_CONSTANT_CONVERSION = YES;
				CLANG_WARN_DEPRECATED_OBJC_IMPLEMENTATIONS = YES;
				CLANG_WARN_DIRECT_OBJC_ISA_USAGE = YES_ERROR;
				CLANG_WARN_DOCUMENTATION_COMMENTS = YES;
				CLANG_WARN_EMPTY_BODY = YES;
				CLANG_WARN_ENUM_CONVERSION = YES;
				CLANG_WARN_INFINITE_RECURSION = YES;
				CLANG_WARN_INT_CONVERSION = YES;
				CLANG_WARN_NON_LITERAL_NULL_CONVERSION = YES;
				CLANG_WARN_OBJC_IMPLICIT_RETAIN_SELF = YES;
				CLANG_WARN_OBJC_LITERAL_CONVERSION = YES;
				CLANG_WARN_OBJC_ROOT_CLASS = YES_ERROR;
				CLANG_WARN_QUOTED_INCLUDE_IN_FRAMEWORK_HEADER = YES;
				CLANG_WARN_RANGE_LOOP_ANALYSIS = YES;
				CLANG_WARN_STRICT_PROTOTYPES = YES;
				CLANG_WARN_SUSPICIOUS_MOVE = YES;
				CLANG_WARN_UNGUARDED_AVAILABILITY = YES_AGGRESSIVE;
				CLANG_WARN_UNREACHABLE_CODE = YES;
				CLANG_WARN__DUPLICATE_METHOD_MATCH = YES;
				COPY_PHASE_STRIP = NO;
				DEBUG_INFORMATION_FORMAT = dwarf;
				ENABLE_STRICT_OBJC_MSGSEND = YES;
				ENABLE_TESTABILITY = YES;
				ENABLE_USER_SCRIPT_SANDBOXING = YES;
				GCC_C_LANGUAGE_STANDARD = gnu17;
				GCC_DYNAMIC_NO_PIC = NO;
				GCC_NO_COMMON_BLOCKS = YES;
				GCC_OPTIMIZATION_LEVEL = 0;
				GCC_PREPROCESSOR_DEFINITIONS = (
					"DEBUG=1",
					"$(inherited)",
				);
				GCC_WARN_64_TO_32_BIT_CONVERSION = YES;
				GCC_WARN_ABOUT_RETURN_TYPE = YES_ERROR;
				GCC_WARN_UNDECLARED_SELECTOR = YES;
				GCC_WARN_UNINITIALIZED_AUTOS = YES_AGGRESSIVE;
				GCC_WARN_UNUSED_FUNCTION = YES;
				GCC_WARN_UNUSED_VARIABLE = YES;
				IPHONEOS_DEPLOYMENT_TARGET = 17.4;
				LOCALIZATION_PREFERS_STRING_CATALOGS = YES;
				MTL_ENABLE_DEBUG_INFO = INCLUDE_SOURCE;
				MTL_FAST_MATH = YES;
				ONLY_ACTIVE_ARCH = YES;
				SDKROOT = iphoneos;
				SWIFT_ACTIVE_COMPILATION_CONDITIONS = "DEBUG $(inherited)";
				SWIFT_OPTIMIZATION_LEVEL = "-Onone";
			};
			name = Debug;
		};
		474C79AE2BD009BF003E3A15 /* Release */ = {
			isa = XCBuildConfiguration;
			buildSettings = {
				ALWAYS_SEARCH_USER_PATHS = NO;
				ASSETCATALOG_COMPILER_GENERATE_SWIFT_ASSET_SYMBOL_EXTENSIONS = YES;
				CLANG_ANALYZER_NONNULL = YES;
				CLANG_ANALYZER_NUMBER_OBJECT_CONVERSION = YES_AGGRESSIVE;
				CLANG_CXX_LANGUAGE_STANDARD = "gnu++20";
				CLANG_ENABLE_MODULES = YES;
				CLANG_ENABLE_OBJC_ARC = YES;
				CLANG_ENABLE_OBJC_WEAK = YES;
				CLANG_WARN_BLOCK_CAPTURE_AUTORELEASING = YES;
				CLANG_WARN_BOOL_CONVERSION = YES;
				CLANG_WARN_COMMA = YES;
				CLANG_WARN_CONSTANT_CONVERSION = YES;
				CLANG_WARN_DEPRECATED_OBJC_IMPLEMENTATIONS = YES;
				CLANG_WARN_DIRECT_OBJC_ISA_USAGE = YES_ERROR;
				CLANG_WARN_DOCUMENTATION_COMMENTS = YES;
				CLANG_WARN_EMPTY_BODY = YES;
				CLANG_WARN_ENUM_CONVERSION = YES;
				CLANG_WARN_INFINITE_RECURSION = YES;
				CLANG_WARN_INT_CONVERSION = YES;
				CLANG_WARN_NON_LITERAL_NULL_CONVERSION = YES;
				CLANG_WARN_OBJC_IMPLICIT_RETAIN_SELF = YES;
				CLANG_WARN_OBJC_LITERAL_CONVERSION = YES;
				CLANG_WARN_OBJC_ROOT_CLASS = YES_ERROR;
				CLANG_WARN_QUOTED_INCLUDE_IN_FRAMEWORK_HEADER = YES;
				CLANG_WARN_RANGE_LOOP_ANALYSIS = YES;
				CLANG_WARN_STRICT_PROTOTYPES = YES;
				CLANG_WARN_SUSPICIOUS_MOVE = YES;
				CLANG_WARN_UNGUARDED_AVAILABILITY = YES_AGGRESSIVE;
				CLANG_WARN_UNREACHABLE_CODE = YES;
				CLANG_WARN__DUPLICATE_METHOD_MATCH = YES;
				COPY_PHASE_STRIP = NO;
				DEBUG_INFORMATION_FORMAT = "dwarf-with-dsym";
				ENABLE_NS_ASSERTIONS = NO;
				ENABLE_STRICT_OBJC_MSGSEND = YES;
				ENABLE_USER_SCRIPT_SANDBOXING = YES;
				GCC_C_LANGUAGE_STANDARD = gnu17;
				GCC_NO_COMMON_BLOCKS = YES;
				GCC_WARN_64_TO_32_BIT_CONVERSION = YES;
				GCC_WARN_ABOUT_RETURN_TYPE = YES_ERROR;
				GCC_WARN_UNDECLARED_SELECTOR = YES;
				GCC_WARN_UNINITIALIZED_AUTOS = YES_AGGRESSIVE;
				GCC_WARN_UNUSED_FUNCTION = YES;
				GCC_WARN_UNUSED_VARIABLE = YES;
				IPHONEOS_DEPLOYMENT_TARGET = 17.4;
				LOCALIZATION_PREFERS_STRING_CATALOGS = YES;
				MTL_ENABLE_DEBUG_INFO = NO;
				MTL_FAST_MATH = YES;
				SDKROOT = iphoneos;
				SWIFT_COMPILATION_MODE = wholemodule;
				VALIDATE_PRODUCT = YES;
			};
			name = Release;
		};
		474C79B02BD009BF003E3A15 /* Debug */ = {
			isa = XCBuildConfiguration;
			buildSettings = {
				ALWAYS_EMBED_SWIFT_STANDARD_LIBRARIES = YES;
				ASSETCATALOG_COMPILER_APPICON_NAME = AppIcon;
				ASSETCATALOG_COMPILER_GLOBAL_ACCENT_COLOR_NAME = AccentColor;
				CODE_SIGN_ENTITLEMENTS = Agios/Agios.entitlements;
				CODE_SIGN_IDENTITY = "Apple Development";
				"CODE_SIGN_IDENTITY[sdk=iphoneos*]" = "iPhone Developer";
				CODE_SIGN_STYLE = Manual;
				CURRENT_PROJECT_VERSION = 24;
				DEVELOPMENT_ASSET_PATHS = "\"Agios/Preview Content\"";
				DEVELOPMENT_TEAM = "";
				"DEVELOPMENT_TEAM[sdk=iphoneos*]" = 48F5YYF5VU;
				ENABLE_PREVIEWS = YES;
				GENERATE_INFOPLIST_FILE = YES;
				INFOPLIST_FILE = Agios/Info.plist;
				INFOPLIST_KEY_CFBundleDisplayName = Agios;
				INFOPLIST_KEY_LSApplicationCategoryType = "public.app-category.lifestyle";
				INFOPLIST_KEY_UIApplicationSceneManifest_Generation = YES;
				INFOPLIST_KEY_UIApplicationSupportsIndirectInputEvents = YES;
				INFOPLIST_KEY_UILaunchScreen_Generation = YES;
				INFOPLIST_KEY_UILaunchStoryboardName = LaunchScreen.storyboard;
				INFOPLIST_KEY_UIRequiresFullScreen = YES;
				INFOPLIST_KEY_UIStatusBarStyle = UIStatusBarStyleLightContent;
				INFOPLIST_KEY_UISupportedInterfaceOrientations = UIInterfaceOrientationPortrait;
				INFOPLIST_KEY_UISupportedInterfaceOrientations_iPad = "UIInterfaceOrientationLandscapeLeft UIInterfaceOrientationLandscapeRight UIInterfaceOrientationPortrait";
				INFOPLIST_KEY_UIUserInterfaceStyle = Light;
				IPHONEOS_DEPLOYMENT_TARGET = 17.0;
				LD_RUNPATH_SEARCH_PATHS = (
					"$(inherited)",
					"@executable_path/Frameworks",
				);
				MARKETING_VERSION = 1.0;
				PRODUCT_BUNDLE_IDENTIFIER = com.danielkame.Agios;
				PRODUCT_NAME = "$(TARGET_NAME)";
				PROVISIONING_PROFILE_SPECIFIER = "";
				"PROVISIONING_PROFILE_SPECIFIER[sdk=iphoneos*]" = "Agios Dev 27/09/24";
				SUPPORTED_PLATFORMS = "iphoneos iphonesimulator";
				SUPPORTS_MACCATALYST = NO;
				SUPPORTS_MAC_DESIGNED_FOR_IPHONE_IPAD = NO;
				SUPPORTS_XR_DESIGNED_FOR_IPHONE_IPAD = NO;
				SWIFT_EMIT_LOC_STRINGS = YES;
				SWIFT_VERSION = 5.0;
				TARGETED_DEVICE_FAMILY = "1,2";
			};
			name = Debug;
		};
		474C79B12BD009BF003E3A15 /* Release */ = {
			isa = XCBuildConfiguration;
			buildSettings = {
				ALWAYS_EMBED_SWIFT_STANDARD_LIBRARIES = YES;
				ASSETCATALOG_COMPILER_APPICON_NAME = AppIcon;
				ASSETCATALOG_COMPILER_GLOBAL_ACCENT_COLOR_NAME = AccentColor;
				CODE_SIGN_ENTITLEMENTS = Agios/Agios.entitlements;
				CODE_SIGN_IDENTITY = "Apple Development";
				"CODE_SIGN_IDENTITY[sdk=iphoneos*]" = "iPhone Distribution";
				CODE_SIGN_STYLE = Manual;
				CURRENT_PROJECT_VERSION = 24;
				DEVELOPMENT_ASSET_PATHS = "\"Agios/Preview Content\"";
				DEVELOPMENT_TEAM = "";
				"DEVELOPMENT_TEAM[sdk=iphoneos*]" = 48F5YYF5VU;
				ENABLE_PREVIEWS = YES;
				GENERATE_INFOPLIST_FILE = YES;
				INFOPLIST_FILE = Agios/Info.plist;
				INFOPLIST_KEY_CFBundleDisplayName = Agios;
				INFOPLIST_KEY_LSApplicationCategoryType = "public.app-category.lifestyle";
				INFOPLIST_KEY_UIApplicationSceneManifest_Generation = YES;
				INFOPLIST_KEY_UIApplicationSupportsIndirectInputEvents = YES;
				INFOPLIST_KEY_UILaunchScreen_Generation = YES;
				INFOPLIST_KEY_UILaunchStoryboardName = LaunchScreen.storyboard;
				INFOPLIST_KEY_UIRequiresFullScreen = YES;
				INFOPLIST_KEY_UIStatusBarStyle = UIStatusBarStyleLightContent;
				INFOPLIST_KEY_UISupportedInterfaceOrientations = UIInterfaceOrientationPortrait;
				INFOPLIST_KEY_UISupportedInterfaceOrientations_iPad = "UIInterfaceOrientationLandscapeLeft UIInterfaceOrientationLandscapeRight UIInterfaceOrientationPortrait";
				INFOPLIST_KEY_UIUserInterfaceStyle = Light;
				IPHONEOS_DEPLOYMENT_TARGET = 17.0;
				LD_RUNPATH_SEARCH_PATHS = (
					"$(inherited)",
					"@executable_path/Frameworks",
				);
				MARKETING_VERSION = 1.0;
				PRODUCT_BUNDLE_IDENTIFIER = com.danielkame.Agios;
				PRODUCT_NAME = "$(TARGET_NAME)";
				PROVISIONING_PROFILE_SPECIFIER = "";
				"PROVISIONING_PROFILE_SPECIFIER[sdk=iphoneos*]" = "Agios Distribution Profile";
				SUPPORTED_PLATFORMS = "iphoneos iphonesimulator";
				SUPPORTS_MACCATALYST = NO;
				SUPPORTS_MAC_DESIGNED_FOR_IPHONE_IPAD = NO;
				SUPPORTS_XR_DESIGNED_FOR_IPHONE_IPAD = NO;
				SWIFT_EMIT_LOC_STRINGS = YES;
				SWIFT_VERSION = 5.0;
				TARGETED_DEVICE_FAMILY = "1,2";
			};
			name = Release;
		};
		99B71D8B2CCA2AD80017A68C /* Debug */ = {
			isa = XCBuildConfiguration;
			buildSettings = {
				ASSETCATALOG_COMPILER_GLOBAL_ACCENT_COLOR_NAME = AccentColor;
				ASSETCATALOG_COMPILER_WIDGET_BACKGROUND_COLOR_NAME = WidgetBackground;
				CODE_SIGN_ENTITLEMENTS = AgiosWidgetExtension.entitlements;
				CODE_SIGN_IDENTITY = "Apple Development";
				"CODE_SIGN_IDENTITY[sdk=iphoneos*]" = "iPhone Developer";
				CODE_SIGN_STYLE = Manual;
				CURRENT_PROJECT_VERSION = 1;
				DEVELOPMENT_TEAM = "";
				"DEVELOPMENT_TEAM[sdk=iphoneos*]" = 48F5YYF5VU;
				GENERATE_INFOPLIST_FILE = YES;
				INFOPLIST_FILE = AgiosWidget/Info.plist;
				INFOPLIST_KEY_CFBundleDisplayName = AgiosWidget;
				INFOPLIST_KEY_NSHumanReadableCopyright = "";
				IPHONEOS_DEPLOYMENT_TARGET = 17.0;
				LD_RUNPATH_SEARCH_PATHS = (
					"$(inherited)",
					"@executable_path/Frameworks",
					"@executable_path/../../Frameworks",
				);
				MARKETING_VERSION = 1.0;
				PRODUCT_BUNDLE_IDENTIFIER = com.danielkame.Agios.AgiosWidget;
				PRODUCT_NAME = "$(TARGET_NAME)";
				PROVISIONING_PROFILE_SPECIFIER = "";
				"PROVISIONING_PROFILE_SPECIFIER[sdk=iphoneos*]" = "Agios Widget Dev";
				SKIP_INSTALL = YES;
				SUPPORTED_PLATFORMS = "iphoneos iphonesimulator";
				SUPPORTS_MACCATALYST = NO;
				SUPPORTS_MAC_DESIGNED_FOR_IPHONE_IPAD = NO;
				SUPPORTS_XR_DESIGNED_FOR_IPHONE_IPAD = NO;
				SWIFT_EMIT_LOC_STRINGS = YES;
				SWIFT_VERSION = 5.0;
				TARGETED_DEVICE_FAMILY = "1,2";
			};
			name = Debug;
		};
		99B71D8C2CCA2AD80017A68C /* Release */ = {
			isa = XCBuildConfiguration;
			buildSettings = {
				ASSETCATALOG_COMPILER_GLOBAL_ACCENT_COLOR_NAME = AccentColor;
				ASSETCATALOG_COMPILER_WIDGET_BACKGROUND_COLOR_NAME = WidgetBackground;
				CODE_SIGN_ENTITLEMENTS = AgiosWidgetExtension.entitlements;
				CODE_SIGN_IDENTITY = "Apple Development";
				"CODE_SIGN_IDENTITY[sdk=iphoneos*]" = "iPhone Distribution";
				CODE_SIGN_STYLE = Manual;
				CURRENT_PROJECT_VERSION = 1;
				DEVELOPMENT_TEAM = "";
				"DEVELOPMENT_TEAM[sdk=iphoneos*]" = 48F5YYF5VU;
				GENERATE_INFOPLIST_FILE = YES;
				INFOPLIST_FILE = AgiosWidget/Info.plist;
				INFOPLIST_KEY_CFBundleDisplayName = AgiosWidget;
				INFOPLIST_KEY_NSHumanReadableCopyright = "";
				IPHONEOS_DEPLOYMENT_TARGET = 17.0;
				LD_RUNPATH_SEARCH_PATHS = (
					"$(inherited)",
					"@executable_path/Frameworks",
					"@executable_path/../../Frameworks",
				);
				MARKETING_VERSION = 1.0;
				PRODUCT_BUNDLE_IDENTIFIER = com.danielkame.Agios.AgiosWidget;
				PRODUCT_NAME = "$(TARGET_NAME)";
				PROVISIONING_PROFILE_SPECIFIER = "";
				"PROVISIONING_PROFILE_SPECIFIER[sdk=iphoneos*]" = "Widget Distribution";
				SKIP_INSTALL = YES;
				SUPPORTED_PLATFORMS = "iphoneos iphonesimulator";
				SUPPORTS_MACCATALYST = NO;
				SUPPORTS_MAC_DESIGNED_FOR_IPHONE_IPAD = NO;
				SUPPORTS_XR_DESIGNED_FOR_IPHONE_IPAD = NO;
				SWIFT_EMIT_LOC_STRINGS = YES;
				SWIFT_VERSION = 5.0;
				TARGETED_DEVICE_FAMILY = "1,2";
			};
			name = Release;
		};
/* End XCBuildConfiguration section */

/* Begin XCConfigurationList section */
		474C799C2BD009BC003E3A15 /* Build configuration list for PBXProject "Agios" */ = {
			isa = XCConfigurationList;
			buildConfigurations = (
				474C79AD2BD009BF003E3A15 /* Debug */,
				474C79AE2BD009BF003E3A15 /* Release */,
			);
			defaultConfigurationIsVisible = 0;
			defaultConfigurationName = Release;
		};
		474C79AF2BD009BF003E3A15 /* Build configuration list for PBXNativeTarget "Agios" */ = {
			isa = XCConfigurationList;
			buildConfigurations = (
				474C79B02BD009BF003E3A15 /* Debug */,
				474C79B12BD009BF003E3A15 /* Release */,
			);
			defaultConfigurationIsVisible = 0;
			defaultConfigurationName = Release;
		};
		99B71D8D2CCA2AD80017A68C /* Build configuration list for PBXNativeTarget "AgiosWidgetExtension" */ = {
			isa = XCConfigurationList;
			buildConfigurations = (
				99B71D8B2CCA2AD80017A68C /* Debug */,
				99B71D8C2CCA2AD80017A68C /* Release */,
			);
			defaultConfigurationIsVisible = 0;
			defaultConfigurationName = Release;
		};
/* End XCConfigurationList section */

/* Begin XCRemoteSwiftPackageReference section */
		5701B0C72C5C6A0A00592193 /* XCRemoteSwiftPackageReference "Popovers" */ = {
			isa = XCRemoteSwiftPackageReference;
			repositoryURL = "https://github.com/aheze/Popovers.git";
			requirement = {
				kind = upToNextMajorVersion;
				minimumVersion = 1.3.2;
			};
		};
		995CEE0A2C25A12D004685D8 /* XCRemoteSwiftPackageReference "SwiftUI-Shimmer" */ = {
			isa = XCRemoteSwiftPackageReference;
			repositoryURL = "https://github.com/markiv/SwiftUI-Shimmer";
			requirement = {
				kind = exactVersion;
				version = 1.5.0;
			};
		};
		995CEE0D2C25A1AB004685D8 /* XCRemoteSwiftPackageReference "lottie-ios" */ = {
			isa = XCRemoteSwiftPackageReference;
			repositoryURL = "https://github.com/airbnb/lottie-ios.git";
			requirement = {
				kind = exactVersion;
				version = 4.4.3;
			};
		};
		995CEE102C25A1C6004685D8 /* XCRemoteSwiftPackageReference "UIImageColors" */ = {
			isa = XCRemoteSwiftPackageReference;
			repositoryURL = "https://github.com/jathu/UIImageColors.git";
			requirement = {
				kind = exactVersion;
				version = 2.2.0;
			};
		};
		997A63B32CA73341007720A4 /* XCRemoteSwiftPackageReference "shake-ios" */ = {
			isa = XCRemoteSwiftPackageReference;
			repositoryURL = "https://github.com/shakebugs/shake-ios";
			requirement = {
				kind = exactVersion;
				version = 17.0.1;
			};
		};
/* End XCRemoteSwiftPackageReference section */

/* Begin XCSwiftPackageProductDependency section */
		5701B0C82C5C6A0A00592193 /* Popovers */ = {
			isa = XCSwiftPackageProductDependency;
			package = 5701B0C72C5C6A0A00592193 /* XCRemoteSwiftPackageReference "Popovers" */;
			productName = Popovers;
		};
		995CEE0B2C25A12D004685D8 /* Shimmer */ = {
			isa = XCSwiftPackageProductDependency;
			package = 995CEE0A2C25A12D004685D8 /* XCRemoteSwiftPackageReference "SwiftUI-Shimmer" */;
			productName = Shimmer;
		};
		995CEE0E2C25A1AB004685D8 /* Lottie */ = {
			isa = XCSwiftPackageProductDependency;
			package = 995CEE0D2C25A1AB004685D8 /* XCRemoteSwiftPackageReference "lottie-ios" */;
			productName = Lottie;
		};
		997A63B42CA73341007720A4 /* Shake */ = {
			isa = XCSwiftPackageProductDependency;
			package = 997A63B32CA73341007720A4 /* XCRemoteSwiftPackageReference "shake-ios" */;
			productName = Shake;
		};
/* End XCSwiftPackageProductDependency section */
	};
	rootObject = 474C79992BD009BC003E3A15 /* Project object */;
}
